// !$*UTF8*$!
{
	archiveVersion = 1;
	classes = {
	};
	objectVersion = 48;
	objects = {

/* Begin PBXBuildFile section */
		B121D02E1F750AF2008DA87A /* AppDelegate.swift in Sources */ = {isa = PBXBuildFile; fileRef = B121D02D1F750AF2008DA87A /* AppDelegate.swift */; };
		B121D0301F750AF2008DA87A /* art.scnassets in Resources */ = {isa = PBXBuildFile; fileRef = B121D02F1F750AF2008DA87A /* art.scnassets */; };
		B121D0321F750AF2008DA87A /* ViewController.swift in Sources */ = {isa = PBXBuildFile; fileRef = B121D0311F750AF2008DA87A /* ViewController.swift */; };
		B121D0351F750AF2008DA87A /* Main.storyboard in Resources */ = {isa = PBXBuildFile; fileRef = B121D0331F750AF2008DA87A /* Main.storyboard */; };
		B121D0371F750AF2008DA87A /* Assets.xcassets in Resources */ = {isa = PBXBuildFile; fileRef = B121D0361F750AF2008DA87A /* Assets.xcassets */; };
		B121D03A1F750AF2008DA87A /* LaunchScreen.storyboard in Resources */ = {isa = PBXBuildFile; fileRef = B121D0381F750AF2008DA87A /* LaunchScreen.storyboard */; };
/* End PBXBuildFile section */

/* Begin PBXFileReference section */
		B121D02A1F750AF2008DA87A /* Solareality.app */ = {isa = PBXFileReference; explicitFileType = wrapper.application; includeInIndex = 0; path = Solareality.app; sourceTree = BUILT_PRODUCTS_DIR; };
		B121D02D1F750AF2008DA87A /* AppDelegate.swift */ = {isa = PBXFileReference; lastKnownFileType = sourcecode.swift; path = AppDelegate.swift; sourceTree = "<group>"; };
		B121D02F1F750AF2008DA87A /* art.scnassets */ = {isa = PBXFileReference; lastKnownFileType = wrapper.scnassets; path = art.scnassets; sourceTree = "<group>"; };
		B121D0311F750AF2008DA87A /* ViewController.swift */ = {isa = PBXFileReference; lastKnownFileType = sourcecode.swift; path = ViewController.swift; sourceTree = "<group>"; };
		B121D0341F750AF2008DA87A /* Base */ = {isa = PBXFileReference; lastKnownFileType = file.storyboard; name = Base; path = Base.lproj/Main.storyboard; sourceTree = "<group>"; };
		B121D0361F750AF2008DA87A /* Assets.xcassets */ = {isa = PBXFileReference; lastKnownFileType = folder.assetcatalog; path = Assets.xcassets; sourceTree = "<group>"; };
		B121D0391F750AF2008DA87A /* Base */ = {isa = PBXFileReference; lastKnownFileType = file.storyboard; name = Base; path = Base.lproj/LaunchScreen.storyboard; sourceTree = "<group>"; };
		B121D03B1F750AF2008DA87A /* Info.plist */ = {isa = PBXFileReference; lastKnownFileType = text.plist.xml; path = Info.plist; sourceTree = "<group>"; };
/* End PBXFileReference section */

/* Begin PBXFrameworksBuildPhase section */
		B121D0271F750AF2008DA87A /* Frameworks */ = {
			isa = PBXFrameworksBuildPhase;
			buildActionMask = 2147483647;
			files = (
			);
			runOnlyForDeploymentPostprocessing = 0;
		};
/* End PBXFrameworksBuildPhase section */

/* Begin PBXGroup section */
		B121D0211F750AF2008DA87A = {
			isa = PBXGroup;
			children = (
				B121D02C1F750AF2008DA87A /* Solareality */,
				B121D02B1F750AF2008DA87A /* Products */,
			);
			sourceTree = "<group>";
		};
		B121D02B1F750AF2008DA87A /* Products */ = {
			isa = PBXGroup;
			children = (
				B121D02A1F750AF2008DA87A /* Solareality.app */,
			);
			name = Products;
			sourceTree = "<group>";
		};
		B121D02C1F750AF2008DA87A /* Solareality */ = {
			isa = PBXGroup;
			children = (
				B121D02D1F750AF2008DA87A /* AppDelegate.swift */,
				B121D02F1F750AF2008DA87A /* art.scnassets */,
				B121D0311F750AF2008DA87A /* ViewController.swift */,
				B121D0331F750AF2008DA87A /* Main.storyboard */,
				B121D0361F750AF2008DA87A /* Assets.xcassets */,
				B121D0381F750AF2008DA87A /* LaunchScreen.storyboard */,
				B121D03B1F750AF2008DA87A /* Info.plist */,
			);
			path = Solareality;
			sourceTree = "<group>";
		};
/* End PBXGroup section */

/* Begin PBXNativeTarget section */
		B121D0291F750AF2008DA87A /* Solareality */ = {
			isa = PBXNativeTarget;
			buildConfigurationList = B121D03E1F750AF2008DA87A /* Build configuration list for PBXNativeTarget "Solareality" */;
			buildPhases = (
				B121D0261F750AF2008DA87A /* Sources */,
				B121D0271F750AF2008DA87A /* Frameworks */,
				B121D0281F750AF2008DA87A /* Resources */,
			);
			buildRules = (
			);
			dependencies = (
			);
			name = Solareality;
			productName = Solareality;
			productReference = B121D02A1F750AF2008DA87A /* Solareality.app */;
			productType = "com.apple.product-type.application";
		};
/* End PBXNativeTarget section */

/* Begin PBXProject section */
		B121D0221F750AF2008DA87A /* Project object */ = {
			isa = PBXProject;
			attributes = {
				LastSwiftUpdateCheck = 0900;
				LastUpgradeCheck = 0900;
				ORGANIZATIONNAME = Webiaturist;
				TargetAttributes = {
					B121D0291F750AF2008DA87A = {
						CreatedOnToolsVersion = 9.0;
						ProvisioningStyle = Automatic;
					};
				};
			};
			buildConfigurationList = B121D0251F750AF2008DA87A /* Build configuration list for PBXProject "Solareality" */;
			compatibilityVersion = "Xcode 8.0";
			developmentRegion = en;
			hasScannedForEncodings = 0;
			knownRegions = (
				en,
				Base,
			);
			mainGroup = B121D0211F750AF2008DA87A;
			productRefGroup = B121D02B1F750AF2008DA87A /* Products */;
			projectDirPath = "";
			projectRoot = "";
			targets = (
				B121D0291F750AF2008DA87A /* Solareality */,
			);
		};
/* End PBXProject section */

/* Begin PBXResourcesBuildPhase section */
		B121D0281F750AF2008DA87A /* Resources */ = {
			isa = PBXResourcesBuildPhase;
			buildActionMask = 2147483647;
			files = (
				B121D0301F750AF2008DA87A /* art.scnassets in Resources */,
				B121D03A1F750AF2008DA87A /* LaunchScreen.storyboard in Resources */,
				B121D0371F750AF2008DA87A /* Assets.xcassets in Resources */,
				B121D0351F750AF2008DA87A /* Main.storyboard in Resources */,
			);
			runOnlyForDeploymentPostprocessing = 0;
		};
/* End PBXResourcesBuildPhase section */

/* Begin PBXSourcesBuildPhase section */
		B121D0261F750AF2008DA87A /* Sources */ = {
			isa = PBXSourcesBuildPhase;
			buildActionMask = 2147483647;
			files = (
				B121D0321F750AF2008DA87A /* ViewController.swift in Sources */,
				B121D02E1F750AF2008DA87A /* AppDelegate.swift in Sources */,
			);
			runOnlyForDeploymentPostprocessing = 0;
		};
/* End PBXSourcesBuildPhase section */

/* Begin PBXVariantGroup section */
		B121D0331F750AF2008DA87A /* Main.storyboard */ = {
			isa = PBXVariantGroup;
			children = (
				B121D0341F750AF2008DA87A /* Base */,
			);
			name = Main.storyboard;
			sourceTree = "<group>";
		};
		B121D0381F750AF2008DA87A /* LaunchScreen.storyboard */ = {
			isa = PBXVariantGroup;
			children = (
				B121D0391F750AF2008DA87A /* Base */,
			);
			name = LaunchScreen.storyboard;
			sourceTree = "<group>";
		};
/* End PBXVariantGroup section */

/* Begin XCBuildConfiguration section */
		B121D03C1F750AF2008DA87A /* Debug */ = {
			isa = XCBuildConfiguration;
			buildSettings = {
				ALWAYS_SEARCH_USER_PATHS = NO;
				CLANG_ANALYZER_NONNULL = YES;
				CLANG_ANALYZER_NUMBER_OBJECT_CONVERSION = YES_AGGRESSIVE;
				CLANG_CXX_LANGUAGE_STANDARD = "gnu++14";
				CLANG_CXX_LIBRARY = "libc++";
				CLANG_ENABLE_MODULES = YES;
				CLANG_ENABLE_OBJC_ARC = YES;
				CLANG_WARN_BLOCK_CAPTURE_AUTORELEASING = YES;
				CLANG_WARN_BOOL_CONVERSION = YES;
				CLANG_WARN_COMMA = YES;
				CLANG_WARN_CONSTANT_CONVERSION = YES;
				CLANG_WARN_DIRECT_OBJC_ISA_USAGE = YES_ERROR;
				CLANG_WARN_DOCUMENTATION_COMMENTS = YES;
				CLANG_WARN_EMPTY_BODY = YES;
				CLANG_WARN_ENUM_CONVERSION = YES;
				CLANG_WARN_INFINITE_RECURSION = YES;
				CLANG_WARN_INT_CONVERSION = YES;
				CLANG_WARN_NON_LITERAL_NULL_CONVERSION = YES;
				CLANG_WARN_OBJC_LITERAL_CONVERSION = YES;
				CLANG_WARN_OBJC_ROOT_CLASS = YES_ERROR;
				CLANG_WARN_RANGE_LOOP_ANALYSIS = YES;
				CLANG_WARN_STRICT_PROTOTYPES = YES;
				CLANG_WARN_SUSPICIOUS_MOVE = YES;
				CLANG_WARN_UNGUARDED_AVAILABILITY = YES_AGGRESSIVE;
				CLANG_WARN_UNREACHABLE_CODE = YES;
				CLANG_WARN__DUPLICATE_METHOD_MATCH = YES;
				CODE_SIGN_IDENTITY = "iPhone Developer";
				COPY_PHASE_STRIP = NO;
				DEBUG_INFORMATION_FORMAT = dwarf;
				ENABLE_STRICT_OBJC_MSGSEND = YES;
				ENABLE_TESTABILITY = YES;
				GCC_C_LANGUAGE_STANDARD = gnu11;
				GCC_DYNAMIC_NO_PIC = NO;
				GCC_NO_COMMON_BLOCKS = YES;
				GCC_OPTIMIZATION_LEVEL = 0;
				GCC_PREPROCESSOR_DEFINITIONS = (
					"DEBUG=1",
					"$(inherited)",
				);
				GCC_WARN_64_TO_32_BIT_CONVERSION = YES;
				GCC_WARN_ABOUT_RETURN_TYPE = YES_ERROR;
				GCC_WARN_UNDECLARED_SELECTOR = YES;
				GCC_WARN_UNINITIALIZED_AUTOS = YES_AGGRESSIVE;
				GCC_WARN_UNUSED_FUNCTION = YES;
				GCC_WARN_UNUSED_VARIABLE = YES;
				IPHONEOS_DEPLOYMENT_TARGET = 11.0;
				MTL_ENABLE_DEBUG_INFO = YES;
				ONLY_ACTIVE_ARCH = YES;
				SDKROOT = iphoneos;
				SWIFT_ACTIVE_COMPILATION_CONDITIONS = DEBUG;
				SWIFT_OPTIMIZATION_LEVEL = "-Onone";
			};
			name = Debug;
		};
		B121D03D1F750AF2008DA87A /* Release */ = {
			isa = XCBuildConfiguration;
			buildSettings = {
				ALWAYS_SEARCH_USER_PATHS = NO;
				CLANG_ANALYZER_NONNULL = YES;
				CLANG_ANALYZER_NUMBER_OBJECT_CONVERSION = YES_AGGRESSIVE;
				CLANG_CXX_LANGUAGE_STANDARD = "gnu++14";
				CLANG_CXX_LIBRARY = "libc++";
				CLANG_ENABLE_MODULES = YES;
				CLANG_ENABLE_OBJC_ARC = YES;
				CLANG_WARN_BLOCK_CAPTURE_AUTORELEASING = YES;
				CLANG_WARN_BOOL_CONVERSION = YES;
				CLANG_WARN_COMMA = YES;
				CLANG_WARN_CONSTANT_CONVERSION = YES;
				CLANG_WARN_DIRECT_OBJC_ISA_USAGE = YES_ERROR;
				CLANG_WARN_DOCUMENTATION_COMMENTS = YES;
				CLANG_WARN_EMPTY_BODY = YES;
				CLANG_WARN_ENUM_CONVERSION = YES;
				CLANG_WARN_INFINITE_RECURSION = YES;
				CLANG_WARN_INT_CONVERSION = YES;
				CLANG_WARN_NON_LITERAL_NULL_CONVERSION = YES;
				CLANG_WARN_OBJC_LITERAL_CONVERSION = YES;
				CLANG_WARN_OBJC_ROOT_CLASS = YES_ERROR;
				CLANG_WARN_RANGE_LOOP_ANALYSIS = YES;
				CLANG_WARN_STRICT_PROTOTYPES = YES;
				CLANG_WARN_SUSPICIOUS_MOVE = YES;
				CLANG_WARN_UNGUARDED_AVAILABILITY = YES_AGGRESSIVE;
				CLANG_WARN_UNREACHABLE_CODE = YES;
				CLANG_WARN__DUPLICATE_METHOD_MATCH = YES;
				CODE_SIGN_IDENTITY = "iPhone Developer";
				COPY_PHASE_STRIP = NO;
				DEBUG_INFORMATION_FORMAT = "dwarf-with-dsym";
				ENABLE_NS_ASSERTIONS = NO;
				ENABLE_STRICT_OBJC_MSGSEND = YES;
				GCC_C_LANGUAGE_STANDARD = gnu11;
				GCC_NO_COMMON_BLOCKS = YES;
				GCC_WARN_64_TO_32_BIT_CONVERSION = YES;
				GCC_WARN_ABOUT_RETURN_TYPE = YES_ERROR;
				GCC_WARN_UNDECLARED_SELECTOR = YES;
				GCC_WARN_UNINITIALIZED_AUTOS = YES_AGGRESSIVE;
				GCC_WARN_UNUSED_FUNCTION = YES;
				GCC_WARN_UNUSED_VARIABLE = YES;
				IPHONEOS_DEPLOYMENT_TARGET = 11.0;
				MTL_ENABLE_DEBUG_INFO = NO;
				SDKROOT = iphoneos;
				SWIFT_OPTIMIZATION_LEVEL = "-Owholemodule";
				VALIDATE_PRODUCT = YES;
			};
			name = Release;
		};
		B121D03F1F750AF2008DA87A /* Debug */ = {
			isa = XCBuildConfiguration;
			buildSettings = {
				ASSETCATALOG_COMPILER_APPICON_NAME = AppIcon;
				CODE_SIGN_STYLE = Automatic;
				DEVELOPMENT_TEAM = 87SPWUHL9K;
				INFOPLIST_FILE = Solareality/Info.plist;
				LD_RUNPATH_SEARCH_PATHS = "$(inherited) @executable_path/Frameworks";
				PRODUCT_BUNDLE_IDENTIFIER = com.webiaturist.Solareality;
				PRODUCT_NAME = "$(TARGET_NAME)";
				SWIFT_VERSION = 4.0;
				TARGETED_DEVICE_FAMILY = "1,2";
			};
			name = Debug;
		};
		B121D0401F750AF2008DA87A /* Release */ = {
			isa = XCBuildConfiguration;
			buildSettings = {
				ASSETCATALOG_COMPILER_APPICON_NAME = AppIcon;
				CODE_SIGN_STYLE = Automatic;
				DEVELOPMENT_TEAM = 87SPWUHL9K;
				INFOPLIST_FILE = Solareality/Info.plist;
				LD_RUNPATH_SEARCH_PATHS = "$(inherited) @executable_path/Frameworks";
				PRODUCT_BUNDLE_IDENTIFIER = com.webiaturist.Solareality;
				PRODUCT_NAME = "$(TARGET_NAME)";
				SWIFT_VERSION = 4.0;
				TARGETED_DEVICE_FAMILY = "1,2";
			};
			name = Release;
		};
/* End XCBuildConfiguration section */

/* Begin XCConfigurationList section */
		B121D0251F750AF2008DA87A /* Build configuration list for PBXProject "Solareality" */ = {
			isa = XCConfigurationList;
			buildConfigurations = (
				B121D03C1F750AF2008DA87A /* Debug */,
				B121D03D1F750AF2008DA87A /* Release */,
			);
			defaultConfigurationIsVisible = 0;
			defaultConfigurationName = Release;
		};
		B121D03E1F750AF2008DA87A /* Build configuration list for PBXNativeTarget "Solareality" */ = {
			isa = XCConfigurationList;
			buildConfigurations = (
				B121D03F1F750AF2008DA87A /* Debug */,
				B121D0401F750AF2008DA87A /* Release */,
			);
			defaultConfigurationIsVisible = 0;
			defaultConfigurationName = Release;
		};
/* End XCConfigurationList section */
	};
	rootObject = B121D0221F750AF2008DA87A /* Project object */;
}
